// !$*UTF8*$!
{
	archiveVersion = 1;
	classes = {
	};
	objectVersion = 56;
	objects = {

/* Begin PBXBuildFile section */
		977078F12C8B860D008BF8FF /* FlashcardView.swift in Sources */ = {isa = PBXBuildFile; fileRef = 977078F02C8B860D008BF8FF /* FlashcardView.swift */; };
		97FCC9122C88D056001F2C4C /* flashcards_swift_appApp.swift in Sources */ = {isa = PBXBuildFile; fileRef = 97FCC9112C88D056001F2C4C /* flashcards_swift_appApp.swift */; };
		97FCC9142C88D056001F2C4C /* ContentView.swift in Sources */ = {isa = PBXBuildFile; fileRef = 97FCC9132C88D056001F2C4C /* ContentView.swift */; };
		97FCC9162C88D058001F2C4C /* Assets.xcassets in Resources */ = {isa = PBXBuildFile; fileRef = 97FCC9152C88D058001F2C4C /* Assets.xcassets */; };
		97FCC91A2C88D058001F2C4C /* Preview Assets.xcassets in Resources */ = {isa = PBXBuildFile; fileRef = 97FCC9192C88D058001F2C4C /* Preview Assets.xcassets */; };
		97FCC9242C88D058001F2C4C /* flashcards_swift_appTests.swift in Sources */ = {isa = PBXBuildFile; fileRef = 97FCC9232C88D058001F2C4C /* flashcards_swift_appTests.swift */; };
		97FCC92E2C88D058001F2C4C /* flashcards_swift_appUITests.swift in Sources */ = {isa = PBXBuildFile; fileRef = 97FCC92D2C88D058001F2C4C /* flashcards_swift_appUITests.swift */; };
		97FCC9302C88D058001F2C4C /* flashcards_swift_appUITestsLaunchTests.swift in Sources */ = {isa = PBXBuildFile; fileRef = 97FCC92F2C88D058001F2C4C /* flashcards_swift_appUITestsLaunchTests.swift */; };
/* End PBXBuildFile section */

/* Begin PBXContainerItemProxy section */
		97FCC9202C88D058001F2C4C /* PBXContainerItemProxy */ = {
			isa = PBXContainerItemProxy;
			containerPortal = 97FCC9062C88D056001F2C4C /* Project object */;
			proxyType = 1;
			remoteGlobalIDString = 97FCC90D2C88D056001F2C4C;
			remoteInfo = "flashcards-swift-app";
		};
		97FCC92A2C88D058001F2C4C /* PBXContainerItemProxy */ = {
			isa = PBXContainerItemProxy;
			containerPortal = 97FCC9062C88D056001F2C4C /* Project object */;
			proxyType = 1;
			remoteGlobalIDString = 97FCC90D2C88D056001F2C4C;
			remoteInfo = "flashcards-swift-app";
		};
/* End PBXContainerItemProxy section */

/* Begin PBXFileReference section */
		977078F02C8B860D008BF8FF /* FlashcardView.swift */ = {isa = PBXFileReference; lastKnownFileType = sourcecode.swift; path = FlashcardView.swift; sourceTree = "<group>"; };
		97FCC90E2C88D056001F2C4C /* flashcards-swift-app.app */ = {isa = PBXFileReference; explicitFileType = wrapper.application; includeInIndex = 0; path = "flashcards-swift-app.app"; sourceTree = BUILT_PRODUCTS_DIR; };
		97FCC9112C88D056001F2C4C /* flashcards_swift_appApp.swift */ = {isa = PBXFileReference; lastKnownFileType = sourcecode.swift; path = flashcards_swift_appApp.swift; sourceTree = "<group>"; };
		97FCC9132C88D056001F2C4C /* ContentView.swift */ = {isa = PBXFileReference; lastKnownFileType = sourcecode.swift; path = ContentView.swift; sourceTree = "<group>"; };
		97FCC9152C88D058001F2C4C /* Assets.xcassets */ = {isa = PBXFileReference; lastKnownFileType = folder.assetcatalog; path = Assets.xcassets; sourceTree = "<group>"; };
		97FCC9172C88D058001F2C4C /* flashcards_swift_app.entitlements */ = {isa = PBXFileReference; lastKnownFileType = text.plist.entitlements; path = flashcards_swift_app.entitlements; sourceTree = "<group>"; };
		97FCC9192C88D058001F2C4C /* Preview Assets.xcassets */ = {isa = PBXFileReference; lastKnownFileType = folder.assetcatalog; path = "Preview Assets.xcassets"; sourceTree = "<group>"; };
		97FCC91F2C88D058001F2C4C /* flashcards-swift-appTests.xctest */ = {isa = PBXFileReference; explicitFileType = wrapper.cfbundle; includeInIndex = 0; path = "flashcards-swift-appTests.xctest"; sourceTree = BUILT_PRODUCTS_DIR; };
		97FCC9232C88D058001F2C4C /* flashcards_swift_appTests.swift */ = {isa = PBXFileReference; lastKnownFileType = sourcecode.swift; path = flashcards_swift_appTests.swift; sourceTree = "<group>"; };
		97FCC9292C88D058001F2C4C /* flashcards-swift-appUITests.xctest */ = {isa = PBXFileReference; explicitFileType = wrapper.cfbundle; includeInIndex = 0; path = "flashcards-swift-appUITests.xctest"; sourceTree = BUILT_PRODUCTS_DIR; };
		97FCC92D2C88D058001F2C4C /* flashcards_swift_appUITests.swift */ = {isa = PBXFileReference; lastKnownFileType = sourcecode.swift; path = flashcards_swift_appUITests.swift; sourceTree = "<group>"; };
		97FCC92F2C88D058001F2C4C /* flashcards_swift_appUITestsLaunchTests.swift */ = {isa = PBXFileReference; lastKnownFileType = sourcecode.swift; path = flashcards_swift_appUITestsLaunchTests.swift; sourceTree = "<group>"; };
/* End PBXFileReference section */

/* Begin PBXFrameworksBuildPhase section */
		97FCC90B2C88D056001F2C4C /* Frameworks */ = {
			isa = PBXFrameworksBuildPhase;
			buildActionMask = 2147483647;
			files = (
			);
			runOnlyForDeploymentPostprocessing = 0;
		};
		97FCC91C2C88D058001F2C4C /* Frameworks */ = {
			isa = PBXFrameworksBuildPhase;
			buildActionMask = 2147483647;
			files = (
			);
			runOnlyForDeploymentPostprocessing = 0;
		};
		97FCC9262C88D058001F2C4C /* Frameworks */ = {
			isa = PBXFrameworksBuildPhase;
			buildActionMask = 2147483647;
			files = (
			);
			runOnlyForDeploymentPostprocessing = 0;
		};
/* End PBXFrameworksBuildPhase section */

/* Begin PBXGroup section */
		97FCC9052C88D056001F2C4C = {
			isa = PBXGroup;
			children = (
				97FCC9102C88D056001F2C4C /* flashcards-swift-app */,
				97FCC9222C88D058001F2C4C /* flashcards-swift-appTests */,
				97FCC92C2C88D058001F2C4C /* flashcards-swift-appUITests */,
				97FCC90F2C88D056001F2C4C /* Products */,
			);
			sourceTree = "<group>";
		};
		97FCC90F2C88D056001F2C4C /* Products */ = {
			isa = PBXGroup;
			children = (
				97FCC90E2C88D056001F2C4C /* flashcards-swift-app.app */,
				97FCC91F2C88D058001F2C4C /* flashcards-swift-appTests.xctest */,
				97FCC9292C88D058001F2C4C /* flashcards-swift-appUITests.xctest */,
			);
			name = Products;
			sourceTree = "<group>";
		};
		97FCC9102C88D056001F2C4C /* flashcards-swift-app */ = {
			isa = PBXGroup;
			children = (
				97FCC9112C88D056001F2C4C /* flashcards_swift_appApp.swift */,
				97FCC9132C88D056001F2C4C /* ContentView.swift */,
				977078F02C8B860D008BF8FF /* FlashcardView.swift */,
				97FCC9152C88D058001F2C4C /* Assets.xcassets */,
				97FCC9172C88D058001F2C4C /* flashcards_swift_app.entitlements */,
				97FCC9182C88D058001F2C4C /* Preview Content */,
			);
			path = "flashcards-swift-app";
			sourceTree = "<group>";
		};
		97FCC9182C88D058001F2C4C /* Preview Content */ = {
			isa = PBXGroup;
			children = (
				97FCC9192C88D058001F2C4C /* Preview Assets.xcassets */,
			);
			path = "Preview Content";
			sourceTree = "<group>";
		};
		97FCC9222C88D058001F2C4C /* flashcards-swift-appTests */ = {
			isa = PBXGroup;
			children = (
				97FCC9232C88D058001F2C4C /* flashcards_swift_appTests.swift */,
			);
			path = "flashcards-swift-appTests";
			sourceTree = "<group>";
		};
		97FCC92C2C88D058001F2C4C /* flashcards-swift-appUITests */ = {
			isa = PBXGroup;
			children = (
				97FCC92D2C88D058001F2C4C /* flashcards_swift_appUITests.swift */,
				97FCC92F2C88D058001F2C4C /* flashcards_swift_appUITestsLaunchTests.swift */,
			);
			path = "flashcards-swift-appUITests";
			sourceTree = "<group>";
		};
/* End PBXGroup section */

/* Begin PBXNativeTarget section */
		97FCC90D2C88D056001F2C4C /* flashcards-swift-app */ = {
			isa = PBXNativeTarget;
			buildConfigurationList = 97FCC9332C88D058001F2C4C /* Build configuration list for PBXNativeTarget "flashcards-swift-app" */;
			buildPhases = (
				97FCC90A2C88D056001F2C4C /* Sources */,
				97FCC90B2C88D056001F2C4C /* Frameworks */,
				97FCC90C2C88D056001F2C4C /* Resources */,
			);
			buildRules = (
			);
			dependencies = (
			);
			name = "flashcards-swift-app";
			productName = "flashcards-swift-app";
			productReference = 97FCC90E2C88D056001F2C4C /* flashcards-swift-app.app */;
			productType = "com.apple.product-type.application";
		};
		97FCC91E2C88D058001F2C4C /* flashcards-swift-appTests */ = {
			isa = PBXNativeTarget;
			buildConfigurationList = 97FCC9362C88D058001F2C4C /* Build configuration list for PBXNativeTarget "flashcards-swift-appTests" */;
			buildPhases = (
				97FCC91B2C88D058001F2C4C /* Sources */,
				97FCC91C2C88D058001F2C4C /* Frameworks */,
				97FCC91D2C88D058001F2C4C /* Resources */,
			);
			buildRules = (
			);
			dependencies = (
				97FCC9212C88D058001F2C4C /* PBXTargetDependency */,
			);
			name = "flashcards-swift-appTests";
			productName = "flashcards-swift-appTests";
			productReference = 97FCC91F2C88D058001F2C4C /* flashcards-swift-appTests.xctest */;
			productType = "com.apple.product-type.bundle.unit-test";
		};
		97FCC9282C88D058001F2C4C /* flashcards-swift-appUITests */ = {
			isa = PBXNativeTarget;
			buildConfigurationList = 97FCC9392C88D058001F2C4C /* Build configuration list for PBXNativeTarget "flashcards-swift-appUITests" */;
			buildPhases = (
				97FCC9252C88D058001F2C4C /* Sources */,
				97FCC9262C88D058001F2C4C /* Frameworks */,
				97FCC9272C88D058001F2C4C /* Resources */,
			);
			buildRules = (
			);
			dependencies = (
				97FCC92B2C88D058001F2C4C /* PBXTargetDependency */,
			);
			name = "flashcards-swift-appUITests";
			productName = "flashcards-swift-appUITests";
			productReference = 97FCC9292C88D058001F2C4C /* flashcards-swift-appUITests.xctest */;
			productType = "com.apple.product-type.bundle.ui-testing";
		};
/* End PBXNativeTarget section */

/* Begin PBXProject section */
		97FCC9062C88D056001F2C4C /* Project object */ = {
			isa = PBXProject;
			attributes = {
				BuildIndependentTargetsInParallel = 1;
				LastSwiftUpdateCheck = 1530;
				LastUpgradeCheck = 1530;
				TargetAttributes = {
					97FCC90D2C88D056001F2C4C = {
						CreatedOnToolsVersion = 15.3;
					};
					97FCC91E2C88D058001F2C4C = {
						CreatedOnToolsVersion = 15.3;
						TestTargetID = 97FCC90D2C88D056001F2C4C;
					};
					97FCC9282C88D058001F2C4C = {
						CreatedOnToolsVersion = 15.3;
						TestTargetID = 97FCC90D2C88D056001F2C4C;
					};
				};
			};
			buildConfigurationList = 97FCC9092C88D056001F2C4C /* Build configuration list for PBXProject "flashcards-swift-app" */;
			compatibilityVersion = "Xcode 14.0";
			developmentRegion = en;
			hasScannedForEncodings = 0;
			knownRegions = (
				en,
				Base,
			);
			mainGroup = 97FCC9052C88D056001F2C4C;
			productRefGroup = 97FCC90F2C88D056001F2C4C /* Products */;
			projectDirPath = "";
			projectRoot = "";
			targets = (
				97FCC90D2C88D056001F2C4C /* flashcards-swift-app */,
				97FCC91E2C88D058001F2C4C /* flashcards-swift-appTests */,
				97FCC9282C88D058001F2C4C /* flashcards-swift-appUITests */,
			);
		};
/* End PBXProject section */

/* Begin PBXResourcesBuildPhase section */
		97FCC90C2C88D056001F2C4C /* Resources */ = {
			isa = PBXResourcesBuildPhase;
			buildActionMask = 2147483647;
			files = (
				97FCC91A2C88D058001F2C4C /* Preview Assets.xcassets in Resources */,
				97FCC9162C88D058001F2C4C /* Assets.xcassets in Resources */,
			);
			runOnlyForDeploymentPostprocessing = 0;
		};
		97FCC91D2C88D058001F2C4C /* Resources */ = {
			isa = PBXResourcesBuildPhase;
			buildActionMask = 2147483647;
			files = (
			);
			runOnlyForDeploymentPostprocessing = 0;
		};
		97FCC9272C88D058001F2C4C /* Resources */ = {
			isa = PBXResourcesBuildPhase;
			buildActionMask = 2147483647;
			files = (
			);
			runOnlyForDeploymentPostprocessing = 0;
		};
/* End PBXResourcesBuildPhase section */

/* Begin PBXSourcesBuildPhase section */
		97FCC90A2C88D056001F2C4C /* Sources */ = {
			isa = PBXSourcesBuildPhase;
			buildActionMask = 2147483647;
			files = (
				97FCC9142C88D056001F2C4C /* ContentView.swift in Sources */,
				977078F12C8B860D008BF8FF /* FlashcardView.swift in Sources */,
				97FCC9122C88D056001F2C4C /* flashcards_swift_appApp.swift in Sources */,
			);
			runOnlyForDeploymentPostprocessing = 0;
		};
		97FCC91B2C88D058001F2C4C /* Sources */ = {
			isa = PBXSourcesBuildPhase;
			buildActionMask = 2147483647;
			files = (
				97FCC9242C88D058001F2C4C /* flashcards_swift_appTests.swift in Sources */,
			);
			runOnlyForDeploymentPostprocessing = 0;
		};
		97FCC9252C88D058001F2C4C /* Sources */ = {
			isa = PBXSourcesBuildPhase;
			buildActionMask = 2147483647;
			files = (
				97FCC92E2C88D058001F2C4C /* flashcards_swift_appUITests.swift in Sources */,
				97FCC9302C88D058001F2C4C /* flashcards_swift_appUITestsLaunchTests.swift in Sources */,
			);
			runOnlyForDeploymentPostprocessing = 0;
		};
/* End PBXSourcesBuildPhase section */

/* Begin PBXTargetDependency section */
		97FCC9212C88D058001F2C4C /* PBXTargetDependency */ = {
			isa = PBXTargetDependency;
			target = 97FCC90D2C88D056001F2C4C /* flashcards-swift-app */;
			targetProxy = 97FCC9202C88D058001F2C4C /* PBXContainerItemProxy */;
		};
		97FCC92B2C88D058001F2C4C /* PBXTargetDependency */ = {
			isa = PBXTargetDependency;
			target = 97FCC90D2C88D056001F2C4C /* flashcards-swift-app */;
			targetProxy = 97FCC92A2C88D058001F2C4C /* PBXContainerItemProxy */;
		};
/* End PBXTargetDependency section */

/* Begin XCBuildConfiguration section */
		97FCC9312C88D058001F2C4C /* Debug */ = {
			isa = XCBuildConfiguration;
			buildSettings = {
				ALWAYS_SEARCH_USER_PATHS = NO;
				ASSETCATALOG_COMPILER_GENERATE_SWIFT_ASSET_SYMBOL_EXTENSIONS = YES;
				CLANG_ANALYZER_NONNULL = YES;
				CLANG_ANALYZER_NUMBER_OBJECT_CONVERSION = YES_AGGRESSIVE;
				CLANG_CXX_LANGUAGE_STANDARD = "gnu++20";
				CLANG_ENABLE_MODULES = YES;
				CLANG_ENABLE_OBJC_ARC = YES;
				CLANG_ENABLE_OBJC_WEAK = YES;
				CLANG_WARN_BLOCK_CAPTURE_AUTORELEASING = YES;
				CLANG_WARN_BOOL_CONVERSION = YES;
				CLANG_WARN_COMMA = YES;
				CLANG_WARN_CONSTANT_CONVERSION = YES;
				CLANG_WARN_DEPRECATED_OBJC_IMPLEMENTATIONS = YES;
				CLANG_WARN_DIRECT_OBJC_ISA_USAGE = YES_ERROR;
				CLANG_WARN_DOCUMENTATION_COMMENTS = YES;
				CLANG_WARN_EMPTY_BODY = YES;
				CLANG_WARN_ENUM_CONVERSION = YES;
				CLANG_WARN_INFINITE_RECURSION = YES;
				CLANG_WARN_INT_CONVERSION = YES;
				CLANG_WARN_NON_LITERAL_NULL_CONVERSION = YES;
				CLANG_WARN_OBJC_IMPLICIT_RETAIN_SELF = YES;
				CLANG_WARN_OBJC_LITERAL_CONVERSION = YES;
				CLANG_WARN_OBJC_ROOT_CLASS = YES_ERROR;
				CLANG_WARN_QUOTED_INCLUDE_IN_FRAMEWORK_HEADER = YES;
				CLANG_WARN_RANGE_LOOP_ANALYSIS = YES;
				CLANG_WARN_STRICT_PROTOTYPES = YES;
				CLANG_WARN_SUSPICIOUS_MOVE = YES;
				CLANG_WARN_UNGUARDED_AVAILABILITY = YES_AGGRESSIVE;
				CLANG_WARN_UNREACHABLE_CODE = YES;
				CLANG_WARN__DUPLICATE_METHOD_MATCH = YES;
				COPY_PHASE_STRIP = NO;
				DEBUG_INFORMATION_FORMAT = dwarf;
				ENABLE_STRICT_OBJC_MSGSEND = YES;
				ENABLE_TESTABILITY = YES;
				ENABLE_USER_SCRIPT_SANDBOXING = YES;
				GCC_C_LANGUAGE_STANDARD = gnu17;
				GCC_DYNAMIC_NO_PIC = NO;
				GCC_NO_COMMON_BLOCKS = YES;
				GCC_OPTIMIZATION_LEVEL = 0;
				GCC_PREPROCESSOR_DEFINITIONS = (
					"DEBUG=1",
					"$(inherited)",
				);
				GCC_WARN_64_TO_32_BIT_CONVERSION = YES;
				GCC_WARN_ABOUT_RETURN_TYPE = YES_ERROR;
				GCC_WARN_UNDECLARED_SELECTOR = YES;
				GCC_WARN_UNINITIALIZED_AUTOS = YES_AGGRESSIVE;
				GCC_WARN_UNUSED_FUNCTION = YES;
				GCC_WARN_UNUSED_VARIABLE = YES;
				LOCALIZATION_PREFERS_STRING_CATALOGS = YES;
				MTL_ENABLE_DEBUG_INFO = INCLUDE_SOURCE;
				MTL_FAST_MATH = YES;
				ONLY_ACTIVE_ARCH = YES;
				SWIFT_ACTIVE_COMPILATION_CONDITIONS = "DEBUG $(inherited)";
				SWIFT_OPTIMIZATION_LEVEL = "-Onone";
			};
			name = Debug;
		};
		97FCC9322C88D058001F2C4C /* Release */ = {
			isa = XCBuildConfiguration;
			buildSettings = {
				ALWAYS_SEARCH_USER_PATHS = NO;
				ASSETCATALOG_COMPILER_GENERATE_SWIFT_ASSET_SYMBOL_EXTENSIONS = YES;
				CLANG_ANALYZER_NONNULL = YES;
				CLANG_ANALYZER_NUMBER_OBJECT_CONVERSION = YES_AGGRESSIVE;
				CLANG_CXX_LANGUAGE_STANDARD = "gnu++20";
				CLANG_ENABLE_MODULES = YES;
				CLANG_ENABLE_OBJC_ARC = YES;
				CLANG_ENABLE_OBJC_WEAK = YES;
				CLANG_WARN_BLOCK_CAPTURE_AUTORELEASING = YES;
				CLANG_WARN_BOOL_CONVERSION = YES;
				CLANG_WARN_COMMA = YES;
				CLANG_WARN_CONSTANT_CONVERSION = YES;
				CLANG_WARN_DEPRECATED_OBJC_IMPLEMENTATIONS = YES;
				CLANG_WARN_DIRECT_OBJC_ISA_USAGE = YES_ERROR;
				CLANG_WARN_DOCUMENTATION_COMMENTS = YES;
				CLANG_WARN_EMPTY_BODY = YES;
				CLANG_WARN_ENUM_CONVERSION = YES;
				CLANG_WARN_INFINITE_RECURSION = YES;
				CLANG_WARN_INT_CONVERSION = YES;
				CLANG_WARN_NON_LITERAL_NULL_CONVERSION = YES;
				CLANG_WARN_OBJC_IMPLICIT_RETAIN_SELF = YES;
				CLANG_WARN_OBJC_LITERAL_CONVERSION = YES;
				CLANG_WARN_OBJC_ROOT_CLASS = YES_ERROR;
				CLANG_WARN_QUOTED_INCLUDE_IN_FRAMEWORK_HEADER = YES;
				CLANG_WARN_RANGE_LOOP_ANALYSIS = YES;
				CLANG_WARN_STRICT_PROTOTYPES = YES;
				CLANG_WARN_SUSPICIOUS_MOVE = YES;
				CLANG_WARN_UNGUARDED_AVAILABILITY = YES_AGGRESSIVE;
				CLANG_WARN_UNREACHABLE_CODE = YES;
				CLANG_WARN__DUPLICATE_METHOD_MATCH = YES;
				COPY_PHASE_STRIP = NO;
				DEBUG_INFORMATION_FORMAT = "dwarf-with-dsym";
				ENABLE_NS_ASSERTIONS = NO;
				ENABLE_STRICT_OBJC_MSGSEND = YES;
				ENABLE_USER_SCRIPT_SANDBOXING = YES;
				GCC_C_LANGUAGE_STANDARD = gnu17;
				GCC_NO_COMMON_BLOCKS = YES;
				GCC_WARN_64_TO_32_BIT_CONVERSION = YES;
				GCC_WARN_ABOUT_RETURN_TYPE = YES_ERROR;
				GCC_WARN_UNDECLARED_SELECTOR = YES;
				GCC_WARN_UNINITIALIZED_AUTOS = YES_AGGRESSIVE;
				GCC_WARN_UNUSED_FUNCTION = YES;
				GCC_WARN_UNUSED_VARIABLE = YES;
				LOCALIZATION_PREFERS_STRING_CATALOGS = YES;
				MTL_ENABLE_DEBUG_INFO = NO;
				MTL_FAST_MATH = YES;
				SWIFT_COMPILATION_MODE = wholemodule;
			};
			name = Release;
		};
		97FCC9342C88D058001F2C4C /* Debug */ = {
			isa = XCBuildConfiguration;
			buildSettings = {
				ASSETCATALOG_COMPILER_APPICON_NAME = AppIcon;
				ASSETCATALOG_COMPILER_GLOBAL_ACCENT_COLOR_NAME = AccentColor;
				CODE_SIGN_ENTITLEMENTS = "flashcards-swift-app/flashcards_swift_app.entitlements";
				CODE_SIGN_STYLE = Automatic;
				CURRENT_PROJECT_VERSION = 1;
				DEVELOPMENT_ASSET_PATHS = "\"flashcards-swift-app/Preview Content\"";
				ENABLE_PREVIEWS = YES;
				GENERATE_INFOPLIST_FILE = YES;
				"INFOPLIST_KEY_UIApplicationSceneManifest_Generation[sdk=iphoneos*]" = YES;
				"INFOPLIST_KEY_UIApplicationSceneManifest_Generation[sdk=iphonesimulator*]" = YES;
				"INFOPLIST_KEY_UIApplicationSupportsIndirectInputEvents[sdk=iphoneos*]" = YES;
				"INFOPLIST_KEY_UIApplicationSupportsIndirectInputEvents[sdk=iphonesimulator*]" = YES;
				"INFOPLIST_KEY_UILaunchScreen_Generation[sdk=iphoneos*]" = YES;
				"INFOPLIST_KEY_UILaunchScreen_Generation[sdk=iphonesimulator*]" = YES;
				"INFOPLIST_KEY_UIStatusBarStyle[sdk=iphoneos*]" = UIStatusBarStyleDefault;
				"INFOPLIST_KEY_UIStatusBarStyle[sdk=iphonesimulator*]" = UIStatusBarStyleDefault;
				INFOPLIST_KEY_UISupportedInterfaceOrientations_iPad = "UIInterfaceOrientationPortrait UIInterfaceOrientationPortraitUpsideDown UIInterfaceOrientationLandscapeLeft UIInterfaceOrientationLandscapeRight";
				INFOPLIST_KEY_UISupportedInterfaceOrientations_iPhone = "UIInterfaceOrientationPortrait UIInterfaceOrientationLandscapeLeft UIInterfaceOrientationLandscapeRight";
				IPHONEOS_DEPLOYMENT_TARGET = 17.4;
				LD_RUNPATH_SEARCH_PATHS = "@executable_path/Frameworks";
				"LD_RUNPATH_SEARCH_PATHS[sdk=macosx*]" = "@executable_path/../Frameworks";
				MACOSX_DEPLOYMENT_TARGET = 14.4;
				MARKETING_VERSION = 1.0;
				PRODUCT_BUNDLE_IDENTIFIER = "com.Practice.flashcards-swift-app";
				PRODUCT_NAME = "$(TARGET_NAME)";
				SDKROOT = auto;
				SUPPORTED_PLATFORMS = "iphoneos iphonesimulator";
				SUPPORTS_MACCATALYST = NO;
				SWIFT_EMIT_LOC_STRINGS = YES;
				SWIFT_VERSION = 5.0;
				TARGETED_DEVICE_FAMILY = "1,2";
			};
			name = Debug;
		};
		97FCC9352C88D058001F2C4C /* Release */ = {
			isa = XCBuildConfiguration;
			buildSettings = {
				ASSETCATALOG_COMPILER_APPICON_NAME = AppIcon;
				ASSETCATALOG_COMPILER_GLOBAL_ACCENT_COLOR_NAME = AccentColor;
				CODE_SIGN_ENTITLEMENTS = "flashcards-swift-app/flashcards_swift_app.entitlements";
				CODE_SIGN_STYLE = Automatic;
				CURRENT_PROJECT_VERSION = 1;
				DEVELOPMENT_ASSET_PATHS = "\"flashcards-swift-app/Preview Content\"";
				ENABLE_PREVIEWS = YES;
				GENERATE_INFOPLIST_FILE = YES;
				"INFOPLIST_KEY_UIApplicationSceneManifest_Generation[sdk=iphoneos*]" = YES;
				"INFOPLIST_KEY_UIApplicationSceneManifest_Generation[sdk=iphonesimulator*]" = YES;
				"INFOPLIST_KEY_UIApplicationSupportsIndirectInputEvents[sdk=iphoneos*]" = YES;
				"INFOPLIST_KEY_UIApplicationSupportsIndirectInputEvents[sdk=iphonesimulator*]" = YES;
				"INFOPLIST_KEY_UILaunchScreen_Generation[sdk=iphoneos*]" = YES;
				"INFOPLIST_KEY_UILaunchScreen_Generation[sdk=iphonesimulator*]" = YES;
				"INFOPLIST_KEY_UIStatusBarStyle[sdk=iphoneos*]" = UIStatusBarStyleDefault;
				"INFOPLIST_KEY_UIStatusBarStyle[sdk=iphonesimulator*]" = UIStatusBarStyleDefault;
				INFOPLIST_KEY_UISupportedInterfaceOrientations_iPad = "UIInterfaceOrientationPortrait UIInterfaceOrientationPortraitUpsideDown UIInterfaceOrientationLandscapeLeft UIInterfaceOrientationLandscapeRight";
				INFOPLIST_KEY_UISupportedInterfaceOrientations_iPhone = "UIInterfaceOrientationPortrait UIInterfaceOrientationLandscapeLeft UIInterfaceOrientationLandscapeRight";
				IPHONEOS_DEPLOYMENT_TARGET = 17.4;
				LD_RUNPATH_SEARCH_PATHS = "@executable_path/Frameworks";
				"LD_RUNPATH_SEARCH_PATHS[sdk=macosx*]" = "@executable_path/../Frameworks";
				MACOSX_DEPLOYMENT_TARGET = 14.4;
				MARKETING_VERSION = 1.0;
				PRODUCT_BUNDLE_IDENTIFIER = "com.Practice.flashcards-swift-app";
				PRODUCT_NAME = "$(TARGET_NAME)";
				SDKROOT = auto;
				SUPPORTED_PLATFORMS = "iphoneos iphonesimulator";
				SUPPORTS_MACCATALYST = NO;
				SWIFT_EMIT_LOC_STRINGS = YES;
				SWIFT_VERSION = 5.0;
				TARGETED_DEVICE_FAMILY = "1,2";
			};
			name = Release;
		};
		97FCC9372C88D058001F2C4C /* Debug */ = {
			isa = XCBuildConfiguration;
			buildSettings = {
				ALWAYS_EMBED_SWIFT_STANDARD_LIBRARIES = YES;
				BUNDLE_LOADER = "$(TEST_HOST)";
				CODE_SIGN_STYLE = Automatic;
				CURRENT_PROJECT_VERSION = 1;
				GENERATE_INFOPLIST_FILE = YES;
				IPHONEOS_DEPLOYMENT_TARGET = 17.4;
				MACOSX_DEPLOYMENT_TARGET = 14.4;
				MARKETING_VERSION = 1.0;
				PRODUCT_BUNDLE_IDENTIFIER = "com.Practice.flashcards-swift-appTests";
				PRODUCT_NAME = "$(TARGET_NAME)";
				SDKROOT = auto;
				SUPPORTED_PLATFORMS = "iphoneos iphonesimulator macosx";
				SWIFT_EMIT_LOC_STRINGS = NO;
				SWIFT_VERSION = 5.0;
				TARGETED_DEVICE_FAMILY = "1,2";
				TEST_HOST = "$(BUILT_PRODUCTS_DIR)/flashcards-swift-app.app/$(BUNDLE_EXECUTABLE_FOLDER_PATH)/flashcards-swift-app";
			};
			name = Debug;
		};
		97FCC9382C88D058001F2C4C /* Release */ = {
			isa = XCBuildConfiguration;
			buildSettings = {
				ALWAYS_EMBED_SWIFT_STANDARD_LIBRARIES = YES;
				BUNDLE_LOADER = "$(TEST_HOST)";
				CODE_SIGN_STYLE = Automatic;
				CURRENT_PROJECT_VERSION = 1;
				GENERATE_INFOPLIST_FILE = YES;
				IPHONEOS_DEPLOYMENT_TARGET = 17.4;
				MACOSX_DEPLOYMENT_TARGET = 14.4;
				MARKETING_VERSION = 1.0;
				PRODUCT_BUNDLE_IDENTIFIER = "com.Practice.flashcards-swift-appTests";
				PRODUCT_NAME = "$(TARGET_NAME)";
				SDKROOT = auto;
				SUPPORTED_PLATFORMS = "iphoneos iphonesimulator macosx";
				SWIFT_EMIT_LOC_STRINGS = NO;
				SWIFT_VERSION = 5.0;
				TARGETED_DEVICE_FAMILY = "1,2";
				TEST_HOST = "$(BUILT_PRODUCTS_DIR)/flashcards-swift-app.app/$(BUNDLE_EXECUTABLE_FOLDER_PATH)/flashcards-swift-app";
			};
			name = Release;
		};
		97FCC93A2C88D058001F2C4C /* Debug */ = {
			isa = XCBuildConfiguration;
			buildSettings = {
				ALWAYS_EMBED_SWIFT_STANDARD_LIBRARIES = YES;
				CODE_SIGN_STYLE = Automatic;
				CURRENT_PROJECT_VERSION = 1;
				GENERATE_INFOPLIST_FILE = YES;
				IPHONEOS_DEPLOYMENT_TARGET = 17.4;
				MACOSX_DEPLOYMENT_TARGET = 14.4;
				MARKETING_VERSION = 1.0;
				PRODUCT_BUNDLE_IDENTIFIER = "com.Practice.flashcards-swift-appUITests";
				PRODUCT_NAME = "$(TARGET_NAME)";
				SDKROOT = auto;
				SUPPORTED_PLATFORMS = "iphoneos iphonesimulator macosx";
				SWIFT_EMIT_LOC_STRINGS = NO;
				SWIFT_VERSION = 5.0;
				TARGETED_DEVICE_FAMILY = "1,2";
				TEST_TARGET_NAME = "flashcards-swift-app";
			};
			name = Debug;
		};
		97FCC93B2C88D058001F2C4C /* Release */ = {
			isa = XCBuildConfiguration;
			buildSettings = {
				ALWAYS_EMBED_SWIFT_STANDARD_LIBRARIES = YES;
				CODE_SIGN_STYLE = Automatic;
				CURRENT_PROJECT_VERSION = 1;
				GENERATE_INFOPLIST_FILE = YES;
				IPHONEOS_DEPLOYMENT_TARGET = 17.4;
				MACOSX_DEPLOYMENT_TARGET = 14.4;
				MARKETING_VERSION = 1.0;
				PRODUCT_BUNDLE_IDENTIFIER = "com.Practice.flashcards-swift-appUITests";
				PRODUCT_NAME = "$(TARGET_NAME)";
				SDKROOT = auto;
				SUPPORTED_PLATFORMS = "iphoneos iphonesimulator macosx";
				SWIFT_EMIT_LOC_STRINGS = NO;
				SWIFT_VERSION = 5.0;
				TARGETED_DEVICE_FAMILY = "1,2";
				TEST_TARGET_NAME = "flashcards-swift-app";
			};
			name = Release;
		};
/* End XCBuildConfiguration section */

/* Begin XCConfigurationList section */
		97FCC9092C88D056001F2C4C /* Build configuration list for PBXProject "flashcards-swift-app" */ = {
			isa = XCConfigurationList;
			buildConfigurations = (
				97FCC9312C88D058001F2C4C /* Debug */,
				97FCC9322C88D058001F2C4C /* Release */,
			);
			defaultConfigurationIsVisible = 0;
			defaultConfigurationName = Release;
		};
		97FCC9332C88D058001F2C4C /* Build configuration list for PBXNativeTarget "flashcards-swift-app" */ = {
			isa = XCConfigurationList;
			buildConfigurations = (
				97FCC9342C88D058001F2C4C /* Debug */,
				97FCC9352C88D058001F2C4C /* Release */,
			);
			defaultConfigurationIsVisible = 0;
			defaultConfigurationName = Release;
		};
		97FCC9362C88D058001F2C4C /* Build configuration list for PBXNativeTarget "flashcards-swift-appTests" */ = {
			isa = XCConfigurationList;
			buildConfigurations = (
				97FCC9372C88D058001F2C4C /* Debug */,
				97FCC9382C88D058001F2C4C /* Release */,
			);
			defaultConfigurationIsVisible = 0;
			defaultConfigurationName = Release;
		};
		97FCC9392C88D058001F2C4C /* Build configuration list for PBXNativeTarget "flashcards-swift-appUITests" */ = {
			isa = XCConfigurationList;
			buildConfigurations = (
				97FCC93A2C88D058001F2C4C /* Debug */,
				97FCC93B2C88D058001F2C4C /* Release */,
			);
			defaultConfigurationIsVisible = 0;
			defaultConfigurationName = Release;
		};
/* End XCConfigurationList section */
	};
	rootObject = 97FCC9062C88D056001F2C4C /* Project object */;
}
